
Microsoft Visual Studio Solution File, Format Version 12.00
Project("{FAE04EC0-301F-11D3-BF4B-00C04F79EFBC}") = "Project", "Project\Project.csproj", "{C3D3F002-2C25-4772-9CC4-A66F8892DFFC}"
EndProject
Global
	GlobalSection(SolutionConfigurationPlatforms) = preSolution
		Debug|Any CPU = Debug|Any CPU
		Release|Any CPU = Release|Any CPU
	EndGlobalSection
	GlobalSection(ProjectConfigurationPlatforms) = postSolution
		{C3D3F002-2C25-4772-9CC4-A66F8892DFFC}.Debug|Any CPU.ActiveCfg = Debug|Any CPU
		{C3D3F002-2C25-4772-9CC4-A66F8892DFFC}.Debug|Any CPU.Build.0 = Debug|Any CPU
		{C3D3F002-2C25-4772-9CC4-A66F8892DFFC}.Release|Any CPU.ActiveCfg = Release|Any CPU
		{C3D3F002-2C25-4772-9CC4-A66F8892DFFC}.Release|Any CPU.Build.0 = Release|Any CPU
	EndGlobalSection
EndGlobal
